
Microsoft Visual Studio Solution File, Format Version 12.00
# Visual Studio Version 16
VisualStudioVersion = 16.0.30413.136
MinimumVisualStudioVersion = 10.0.40219.1
Project("{9A19103F-16F7-4668-BE54-9A1E7A4F7556}") = "DevIO.Business", "src\DevIO.Business\DevIO.Business.csproj", "{9CC6C009-B67E-4962-9FE5-79D7B9AA6ECE}"
EndProject
Project("{9A19103F-16F7-4668-BE54-9A1E7A4F7556}") = "DevIO.Data", "src\DevIO.Data\DevIO.Data.csproj", "{FEACF2A9-5A95-411A-864A-42E4A40ED6AE}"
EndProject
Project("{FAE04EC0-301F-11D3-BF4B-00C04F79EFBC}") = "DevIO.Api", "src\DevIO.Api\DevIO.Api.csproj", "{82349553-1131-4EFD-99D0-5BCE63325155}"
EndProject
Global
	GlobalSection(SolutionConfigurationPlatforms) = preSolution
		Debug|Any CPU = Debug|Any CPU
		Release|Any CPU = Release|Any CPU
	EndGlobalSection
	GlobalSection(ProjectConfigurationPlatforms) = postSolution
		{9CC6C009-B67E-4962-9FE5-79D7B9AA6ECE}.Debug|Any CPU.ActiveCfg = Debug|Any CPU
		{9CC6C009-B67E-4962-9FE5-79D7B9AA6ECE}.Debug|Any CPU.Build.0 = Debug|Any CPU
		{9CC6C009-B67E-4962-9FE5-79D7B9AA6ECE}.Release|Any CPU.ActiveCfg = Release|Any CPU
		{9CC6C009-B67E-4962-9FE5-79D7B9AA6ECE}.Release|Any CPU.Build.0 = Release|Any CPU
		{FEACF2A9-5A95-411A-864A-42E4A40ED6AE}.Debug|Any CPU.ActiveCfg = Debug|Any CPU
		{FEACF2A9-5A95-411A-864A-42E4A40ED6AE}.Debug|Any CPU.Build.0 = Debug|Any CPU
		{FEACF2A9-5A95-411A-864A-42E4A40ED6AE}.Release|Any CPU.ActiveCfg = Release|Any CPU
		{FEACF2A9-5A95-411A-864A-42E4A40ED6AE}.Release|Any CPU.Build.0 = Release|Any CPU
		{82349553-1131-4EFD-99D0-5BCE63325155}.Debug|Any CPU.ActiveCfg = Debug|Any CPU
		{82349553-1131-4EFD-99D0-5BCE63325155}.Debug|Any CPU.Build.0 = Debug|Any CPU
		{82349553-1131-4EFD-99D0-5BCE63325155}.Release|Any CPU.ActiveCfg = Release|Any CPU
		{82349553-1131-4EFD-99D0-5BCE63325155}.Release|Any CPU.Build.0 = Release|Any CPU
	EndGlobalSection
	GlobalSection(SolutionProperties) = preSolution
		HideSolutionNode = FALSE
	EndGlobalSection
	GlobalSection(ExtensibilityGlobals) = postSolution
		SolutionGuid = {4AEA1AFC-317B-440C-BAAF-DF1BCF840475}
	EndGlobalSection
EndGlobal
